
Microsoft Visual Studio Solution File, Format Version 12.00
# Visual Studio Version 17
VisualStudioVersion = 17.12.35209.166
MinimumVisualStudioVersion = 10.0.40219.1
Project("{FAE04EC0-301F-11D3-BF4B-00C04F79EFBC}") = "PNIPU_C#_LAB_01", "PNIPU_C#_LAB 1\PNIPU_C#_LAB_01.csproj", "{B93D5EBD-7CF6-4277-9F82-6CCBCE7044FA}"
EndProject
Project("{FAE04EC0-301F-11D3-BF4B-00C04F79EFBC}") = "PNIPU_C#_LAB_02", "PNIPU_C#_LAB_2\PNIPU_C#_LAB_02.csproj", "{92990881-6DB2-4633-803A-039E848C528F}"
EndProject
Project("{FAE04EC0-301F-11D3-BF4B-00C04F79EFBC}") = "PNIPU_C#_LAB_05", "PNIPU_C#_LAB_5\PNIPU_C#_LAB_05.csproj", "{501797D7-0531-4643-A717-F8B4981274B7}"
EndProject
Project("{FAE04EC0-301F-11D3-BF4B-00C04F79EFBC}") = "PNIPU_C#_LAB_09", "PNIPU_C#_LAB_9\PNIPU_C#_LAB_09.csproj", "{0A8C71A2-260B-45B7-A4CD-B69864C4AF03}"
EndProject
Project("{FAE04EC0-301F-11D3-BF4B-00C04F79EFBC}") = "ClassLibrary", "ClassLibrary\ClassLibrary.csproj", "{01F14B24-5B9F-4B9D-8A30-37E913EC71D7}"
EndProject
Project("{FAE04EC0-301F-11D3-BF4B-00C04F79EFBC}") = "PNIPU_C#_LAB_10", "PNIPU_C#_LAB_10\PNIPU_C#_LAB_10.csproj", "{1AAFAB9C-50C2-4E71-9E66-35BADA88AED4}"
EndProject
Project("{2150E333-8FDC-42A3-9474-1A3956D46DE8}") = "Test", "Test", "{F2C9A103-DDB1-4E27-AFC2-67A2EF306F6A}"
EndProject
Project("{FAE04EC0-301F-11D3-BF4B-00C04F79EFBC}") = "Test_PNIPU_C#_LAB_09", "Test_PNIPU_C#_LAB_09\Test_PNIPU_C#_LAB_09.csproj", "{6C91CD5E-E8BC-4580-9A23-2978BD91A176}"
EndProject
Project("{FAE04EC0-301F-11D3-BF4B-00C04F79EFBC}") = "Test_PNIPU_C#_LAB_10", "Test_PNIPU_C#_LAB_10\Test_PNIPU_C#_LAB_10.csproj", "{239BF49A-4846-4F9C-B049-7AF6A650BC2D}"
EndProject
Global
	GlobalSection(SolutionConfigurationPlatforms) = preSolution
		Debug|Any CPU = Debug|Any CPU
		Release|Any CPU = Release|Any CPU
	EndGlobalSection
	GlobalSection(ProjectConfigurationPlatforms) = postSolution
		{B93D5EBD-7CF6-4277-9F82-6CCBCE7044FA}.Debug|Any CPU.ActiveCfg = Debug|Any CPU
		{B93D5EBD-7CF6-4277-9F82-6CCBCE7044FA}.Debug|Any CPU.Build.0 = Debug|Any CPU
		{B93D5EBD-7CF6-4277-9F82-6CCBCE7044FA}.Release|Any CPU.ActiveCfg = Release|Any CPU
		{B93D5EBD-7CF6-4277-9F82-6CCBCE7044FA}.Release|Any CPU.Build.0 = Release|Any CPU
		{92990881-6DB2-4633-803A-039E848C528F}.Debug|Any CPU.ActiveCfg = Debug|Any CPU
		{92990881-6DB2-4633-803A-039E848C528F}.Debug|Any CPU.Build.0 = Debug|Any CPU
		{92990881-6DB2-4633-803A-039E848C528F}.Release|Any CPU.ActiveCfg = Release|Any CPU
		{92990881-6DB2-4633-803A-039E848C528F}.Release|Any CPU.Build.0 = Release|Any CPU
		{501797D7-0531-4643-A717-F8B4981274B7}.Debug|Any CPU.ActiveCfg = Debug|Any CPU
		{501797D7-0531-4643-A717-F8B4981274B7}.Debug|Any CPU.Build.0 = Debug|Any CPU
		{501797D7-0531-4643-A717-F8B4981274B7}.Release|Any CPU.ActiveCfg = Release|Any CPU
		{501797D7-0531-4643-A717-F8B4981274B7}.Release|Any CPU.Build.0 = Release|Any CPU
		{0A8C71A2-260B-45B7-A4CD-B69864C4AF03}.Debug|Any CPU.ActiveCfg = Debug|Any CPU
		{0A8C71A2-260B-45B7-A4CD-B69864C4AF03}.Debug|Any CPU.Build.0 = Debug|Any CPU
		{0A8C71A2-260B-45B7-A4CD-B69864C4AF03}.Release|Any CPU.ActiveCfg = Release|Any CPU
		{0A8C71A2-260B-45B7-A4CD-B69864C4AF03}.Release|Any CPU.Build.0 = Release|Any CPU
		{01F14B24-5B9F-4B9D-8A30-37E913EC71D7}.Debug|Any CPU.ActiveCfg = Debug|Any CPU
		{01F14B24-5B9F-4B9D-8A30-37E913EC71D7}.Debug|Any CPU.Build.0 = Debug|Any CPU
		{01F14B24-5B9F-4B9D-8A30-37E913EC71D7}.Release|Any CPU.ActiveCfg = Release|Any CPU
		{01F14B24-5B9F-4B9D-8A30-37E913EC71D7}.Release|Any CPU.Build.0 = Release|Any CPU
		{1AAFAB9C-50C2-4E71-9E66-35BADA88AED4}.Debug|Any CPU.ActiveCfg = Debug|Any CPU
		{1AAFAB9C-50C2-4E71-9E66-35BADA88AED4}.Debug|Any CPU.Build.0 = Debug|Any CPU
		{1AAFAB9C-50C2-4E71-9E66-35BADA88AED4}.Release|Any CPU.ActiveCfg = Release|Any CPU
		{1AAFAB9C-50C2-4E71-9E66-35BADA88AED4}.Release|Any CPU.Build.0 = Release|Any CPU
		{6C91CD5E-E8BC-4580-9A23-2978BD91A176}.Debug|Any CPU.ActiveCfg = Debug|Any CPU
		{6C91CD5E-E8BC-4580-9A23-2978BD91A176}.Debug|Any CPU.Build.0 = Debug|Any CPU
		{6C91CD5E-E8BC-4580-9A23-2978BD91A176}.Release|Any CPU.ActiveCfg = Release|Any CPU
		{6C91CD5E-E8BC-4580-9A23-2978BD91A176}.Release|Any CPU.Build.0 = Release|Any CPU
		{239BF49A-4846-4F9C-B049-7AF6A650BC2D}.Debug|Any CPU.ActiveCfg = Debug|Any CPU
		{239BF49A-4846-4F9C-B049-7AF6A650BC2D}.Debug|Any CPU.Build.0 = Debug|Any CPU
		{239BF49A-4846-4F9C-B049-7AF6A650BC2D}.Release|Any CPU.ActiveCfg = Release|Any CPU
		{239BF49A-4846-4F9C-B049-7AF6A650BC2D}.Release|Any CPU.Build.0 = Release|Any CPU
	EndGlobalSection
	GlobalSection(SolutionProperties) = preSolution
		HideSolutionNode = FALSE
	EndGlobalSection
	GlobalSection(NestedProjects) = preSolution
		{6C91CD5E-E8BC-4580-9A23-2978BD91A176} = {F2C9A103-DDB1-4E27-AFC2-67A2EF306F6A}
		{239BF49A-4846-4F9C-B049-7AF6A650BC2D} = {F2C9A103-DDB1-4E27-AFC2-67A2EF306F6A}
	EndGlobalSection
	GlobalSection(ExtensibilityGlobals) = postSolution
		SolutionGuid = {720C9007-43F2-4E28-83B9-2C36583626FA}
	EndGlobalSection
EndGlobal
